
Microsoft Visual Studio Solution File, Format Version 12.00
# Visual Studio Version 16
VisualStudioVersion = 16.0.29230.61
MinimumVisualStudioVersion = 10.0.40219.1
Project("{9A19103F-16F7-4668-BE54-9A1E7A4F7556}") = "Mannheim.NLog.Utils", "Mannheim.NLog.Utils\Mannheim.NLog.Utils.csproj", "{1F8CA6E0-7678-45E8-8E95-580D12471AA0}"
EndProject
Project("{9A19103F-16F7-4668-BE54-9A1E7A4F7556}") = "Mannheim.Salesforce", "Mannheim.Salesforce\Mannheim.Salesforce.csproj", "{6EC71473-DB70-4D6E-8AF4-803EBFBA706E}"
EndProject
Project("{9A19103F-16F7-4668-BE54-9A1E7A4F7556}") = "Mannheim.Salesforce.Test", "Mannheim.Salesforce.Test\Mannheim.Salesforce.Test.csproj", "{A0C71E98-4E4F-4625-931B-B11B2B571420}"
EndProject
Project("{9A19103F-16F7-4668-BE54-9A1E7A4F7556}") = "Mannheim.Google", "Mannheim.Google\Mannheim.Google.csproj", "{56F55DEC-0912-444F-A4D4-DC97112DA0B5}"
EndProject
Project("{9A19103F-16F7-4668-BE54-9A1E7A4F7556}") = "Mannheim.Google.Test", "Mannheim.Google.Test\Mannheim.Google.Test.csproj", "{E0B0BF4E-0612-42B1-8B3F-FA84D3F998C0}"
EndProject
Project("{9A19103F-16F7-4668-BE54-9A1E7A4F7556}") = "Mannheim.XUnit", "Mannheim.XUnit\Mannheim.XUnit.csproj", "{E76AD774-0497-419E-A1DC-22EF06685D1B}"
EndProject
Project("{9A19103F-16F7-4668-BE54-9A1E7A4F7556}") = "Mannheim.XUnit.Test", "Mannheim.XUnit.Test\Mannheim.XUnit.Test.csproj", "{8A8738CB-3854-40D7-96BE-48716FFB48BB}"
EndProject
Project("{9A19103F-16F7-4668-BE54-9A1E7A4F7556}") = "Mannheim.Utils", "Mannheim.Utils\Mannheim.Utils.csproj", "{AAA0CE7D-4BBF-4E05-A51F-FC996242C46D}"
EndProject
Project("{9A19103F-16F7-4668-BE54-9A1E7A4F7556}") = "Mannheim.Jobs", "Mannheim.Jobs\Mannheim.Jobs.csproj", "{9C77E5F5-D9F7-4768-A4B8-283D571DDA1F}"
EndProject
Project("{9A19103F-16F7-4668-BE54-9A1E7A4F7556}") = "Mannheim.Jobs.Test", "Mannheim.Jobs.Test\Mannheim.Jobs.Test.csproj", "{03A953F2-5186-4295-8098-7EE27B155C63}"
EndProject
Project("{9A19103F-16F7-4668-BE54-9A1E7A4F7556}") = "Mannheim.Storage", "Mannheim.Storage\Mannheim.Storage.csproj", "{8C9743DA-8330-4F48-95DA-C00BC24A11A2}"
EndProject
Project("{9A19103F-16F7-4668-BE54-9A1E7A4F7556}") = "Mannheim.Cli", "Mannheim.Cli\Mannheim.Cli.csproj", "{86E9B083-EC95-4139-AA65-C4F07D65F4FE}"
EndProject
Global
	GlobalSection(SolutionConfigurationPlatforms) = preSolution
		Debug|Any CPU = Debug|Any CPU
		Release|Any CPU = Release|Any CPU
	EndGlobalSection
	GlobalSection(ProjectConfigurationPlatforms) = postSolution
		{1F8CA6E0-7678-45E8-8E95-580D12471AA0}.Debug|Any CPU.ActiveCfg = Debug|Any CPU
		{1F8CA6E0-7678-45E8-8E95-580D12471AA0}.Debug|Any CPU.Build.0 = Debug|Any CPU
		{1F8CA6E0-7678-45E8-8E95-580D12471AA0}.Release|Any CPU.ActiveCfg = Release|Any CPU
		{1F8CA6E0-7678-45E8-8E95-580D12471AA0}.Release|Any CPU.Build.0 = Release|Any CPU
		{6EC71473-DB70-4D6E-8AF4-803EBFBA706E}.Debug|Any CPU.ActiveCfg = Debug|Any CPU
		{6EC71473-DB70-4D6E-8AF4-803EBFBA706E}.Debug|Any CPU.Build.0 = Debug|Any CPU
		{6EC71473-DB70-4D6E-8AF4-803EBFBA706E}.Release|Any CPU.ActiveCfg = Release|Any CPU
		{6EC71473-DB70-4D6E-8AF4-803EBFBA706E}.Release|Any CPU.Build.0 = Release|Any CPU
		{A0C71E98-4E4F-4625-931B-B11B2B571420}.Debug|Any CPU.ActiveCfg = Debug|Any CPU
		{A0C71E98-4E4F-4625-931B-B11B2B571420}.Debug|Any CPU.Build.0 = Debug|Any CPU
		{A0C71E98-4E4F-4625-931B-B11B2B571420}.Release|Any CPU.ActiveCfg = Release|Any CPU
		{A0C71E98-4E4F-4625-931B-B11B2B571420}.Release|Any CPU.Build.0 = Release|Any CPU
		{56F55DEC-0912-444F-A4D4-DC97112DA0B5}.Debug|Any CPU.ActiveCfg = Debug|Any CPU
		{56F55DEC-0912-444F-A4D4-DC97112DA0B5}.Debug|Any CPU.Build.0 = Debug|Any CPU
		{56F55DEC-0912-444F-A4D4-DC97112DA0B5}.Release|Any CPU.ActiveCfg = Release|Any CPU
		{56F55DEC-0912-444F-A4D4-DC97112DA0B5}.Release|Any CPU.Build.0 = Release|Any CPU
		{E0B0BF4E-0612-42B1-8B3F-FA84D3F998C0}.Debug|Any CPU.ActiveCfg = Debug|Any CPU
		{E0B0BF4E-0612-42B1-8B3F-FA84D3F998C0}.Debug|Any CPU.Build.0 = Debug|Any CPU
		{E0B0BF4E-0612-42B1-8B3F-FA84D3F998C0}.Release|Any CPU.ActiveCfg = Release|Any CPU
		{E0B0BF4E-0612-42B1-8B3F-FA84D3F998C0}.Release|Any CPU.Build.0 = Release|Any CPU
		{E76AD774-0497-419E-A1DC-22EF06685D1B}.Debug|Any CPU.ActiveCfg = Debug|Any CPU
		{E76AD774-0497-419E-A1DC-22EF06685D1B}.Debug|Any CPU.Build.0 = Debug|Any CPU
		{E76AD774-0497-419E-A1DC-22EF06685D1B}.Release|Any CPU.ActiveCfg = Release|Any CPU
		{E76AD774-0497-419E-A1DC-22EF06685D1B}.Release|Any CPU.Build.0 = Release|Any CPU
		{8A8738CB-3854-40D7-96BE-48716FFB48BB}.Debug|Any CPU.ActiveCfg = Debug|Any CPU
		{8A8738CB-3854-40D7-96BE-48716FFB48BB}.Debug|Any CPU.Build.0 = Debug|Any CPU
		{8A8738CB-3854-40D7-96BE-48716FFB48BB}.Release|Any CPU.ActiveCfg = Release|Any CPU
		{8A8738CB-3854-40D7-96BE-48716FFB48BB}.Release|Any CPU.Build.0 = Release|Any CPU
		{AAA0CE7D-4BBF-4E05-A51F-FC996242C46D}.Debug|Any CPU.ActiveCfg = Debug|Any CPU
		{AAA0CE7D-4BBF-4E05-A51F-FC996242C46D}.Debug|Any CPU.Build.0 = Debug|Any CPU
		{AAA0CE7D-4BBF-4E05-A51F-FC996242C46D}.Release|Any CPU.ActiveCfg = Release|Any CPU
		{AAA0CE7D-4BBF-4E05-A51F-FC996242C46D}.Release|Any CPU.Build.0 = Release|Any CPU
		{9C77E5F5-D9F7-4768-A4B8-283D571DDA1F}.Debug|Any CPU.ActiveCfg = Debug|Any CPU
		{9C77E5F5-D9F7-4768-A4B8-283D571DDA1F}.Debug|Any CPU.Build.0 = Debug|Any CPU
		{9C77E5F5-D9F7-4768-A4B8-283D571DDA1F}.Release|Any CPU.ActiveCfg = Release|Any CPU
		{9C77E5F5-D9F7-4768-A4B8-283D571DDA1F}.Release|Any CPU.Build.0 = Release|Any CPU
		{03A953F2-5186-4295-8098-7EE27B155C63}.Debug|Any CPU.ActiveCfg = Debug|Any CPU
		{03A953F2-5186-4295-8098-7EE27B155C63}.Debug|Any CPU.Build.0 = Debug|Any CPU
		{03A953F2-5186-4295-8098-7EE27B155C63}.Release|Any CPU.ActiveCfg = Release|Any CPU
		{03A953F2-5186-4295-8098-7EE27B155C63}.Release|Any CPU.Build.0 = Release|Any CPU
		{8C9743DA-8330-4F48-95DA-C00BC24A11A2}.Debug|Any CPU.ActiveCfg = Debug|Any CPU
		{8C9743DA-8330-4F48-95DA-C00BC24A11A2}.Debug|Any CPU.Build.0 = Debug|Any CPU
		{8C9743DA-8330-4F48-95DA-C00BC24A11A2}.Release|Any CPU.ActiveCfg = Release|Any CPU
		{8C9743DA-8330-4F48-95DA-C00BC24A11A2}.Release|Any CPU.Build.0 = Release|Any CPU
		{86E9B083-EC95-4139-AA65-C4F07D65F4FE}.Debug|Any CPU.ActiveCfg = Debug|Any CPU
		{86E9B083-EC95-4139-AA65-C4F07D65F4FE}.Debug|Any CPU.Build.0 = Debug|Any CPU
		{86E9B083-EC95-4139-AA65-C4F07D65F4FE}.Release|Any CPU.ActiveCfg = Release|Any CPU
		{86E9B083-EC95-4139-AA65-C4F07D65F4FE}.Release|Any CPU.Build.0 = Release|Any CPU
	EndGlobalSection
	GlobalSection(SolutionProperties) = preSolution
		HideSolutionNode = FALSE
	EndGlobalSection
	GlobalSection(ExtensibilityGlobals) = postSolution
		SolutionGuid = {EDA0348A-3A7B-479C-A663-AABA3D3FF197}
	EndGlobalSection
EndGlobal
